Microsoft Visual Studio Solution File, Format Version 12.00
# Visual Studio 2015
Project("{8BC9CEB8-8B4A-11D0-8D11-00A0C91BC942}") = "PiPMESDK", "D:/project/ppms/DeviceService/trunk/PiPMESDK/PiPMESDK\PiPMESDK.vcxproj", "{9C6DEB55-5CA6-39CF-AE2D-AE9143F8CDC8}"
EndProject
Global
	GlobalSection(SolutionConfigurationPlatforms) = preSolution
		Debug|Win32 = Debug|Win32
		Release|Win32 = Release|Win32
	EndGlobalSection
	GlobalSection(ProjectConfigurationPlatforms) = postSolution
		{9C6DEB55-5CA6-39CF-AE2D-AE9143F8CDC8}.Debug|Win32.ActiveCfg = Debug|Win32
		{9C6DEB55-5CA6-39CF-AE2D-AE9143F8CDC8}.Debug|Win32.Build.0 = Debug|Win32
		{9C6DEB55-5CA6-39CF-AE2D-AE9143F8CDC8}.Release|Win32.ActiveCfg = Release|Win32
		{9C6DEB55-5CA6-39CF-AE2D-AE9143F8CDC8}.Release|Win32.Build.0 = Release|Win32
	EndGlobalSection
	GlobalSection(ExtensibilityGlobals) = postSolution
	EndGlobalSection
	GlobalSection(ExtensibilityAddIns) = postSolution
	EndGlobalSection
EndGlobal