Microsoft Visual Studio Solution File, Format Version 7.00
Project("{8BC9CEB8-8B4A-11D0-8D11-00A0C91BC942}") = "snmp_pp", "dynamic\snmp++\snmp++.vcproj", "{A6A711A1-8C63-490C-9225-40621B52AC73}"
EndProject
Project("{8BC9CEB8-8B4A-11D0-8D11-00A0C91BC942}") = "agent_pp", "dynamic\agent++\agent++.vcproj", "{60E09451-60B1-4F7C-8E8D-7E56BEAAA50A}"
EndProject
Project("{8BC9CEB8-8B4A-11D0-8D11-00A0C91BC942}") = "agentx++", "dynamic\agentx++\agentx++.vcproj", "{4F5AA5F0-8669-4550-918E-4125346C4ECD}"
EndProject
Project("{8BC9CEB8-8B4A-11D0-8D11-00A0C91BC942}") = "master", "dynamic\master\master.vcproj", "{10591BEF-8DD5-4FAD-B6E0-9D2235DDA4E1}"
EndProject
Project("{8BC9CEB8-8B4A-11D0-8D11-00A0C91BC942}") = "agentx++win32", "dynamic\agentx++win32\agentx++win32.vcproj", "{B3E8799D-2CBB-4A63-BEC0-9915F31F7E55}"
EndProject
Project("{8BC9CEB8-8B4A-11D0-8D11-00A0C91BC942}") = "snmpNextAsync", "dynamic\snmpNextAsync\snmpNextAsync.vcproj", "{7D4E32A5-4CEA-46E3-BF98-895A60111899}"
EndProject
Project("{8BC9CEB8-8B4A-11D0-8D11-00A0C91BC942}") = "agent++win32", "dynamic\agent++win32\agent++win32.vcproj", "{1EA505CF-C14E-4810-A4D7-DE62DAFF5446}"
EndProject
Project("{8BC9CEB8-8B4A-11D0-8D11-00A0C91BC942}") = "agent++win32subagentATMexample", "dynamic\agent++win32subagent\agent++win32subagent.vcproj", "{D167F61C-D04D-4CCE-8E0C-222E00EDC7D4}"
EndProject
Project("{8BC9CEB8-8B4A-11D0-8D11-00A0C91BC942}") = "libdes", "dynamic\libdes\libdes.vcproj", "{2DF45E11-D687-4B7E-B0A0-53C55CDB471E}"
EndProject
Global
	GlobalSection(SolutionConfiguration) = preSolution
		ConfigName.0 = Debug
		ConfigName.1 = Release
	EndGlobalSection
	GlobalSection(ProjectDependencies) = postSolution
		{A6A711A1-8C63-490C-9225-40621B52AC73}.0 = {2DF45E11-D687-4B7E-B0A0-53C55CDB471E}
		{60E09451-60B1-4F7C-8E8D-7E56BEAAA50A}.0 = {A6A711A1-8C63-490C-9225-40621B52AC73}
		{4F5AA5F0-8669-4550-918E-4125346C4ECD}.0 = {60E09451-60B1-4F7C-8E8D-7E56BEAAA50A}
		{4F5AA5F0-8669-4550-918E-4125346C4ECD}.1 = {A6A711A1-8C63-490C-9225-40621B52AC73}
		{10591BEF-8DD5-4FAD-B6E0-9D2235DDA4E1}.0 = {A6A711A1-8C63-490C-9225-40621B52AC73}
		{10591BEF-8DD5-4FAD-B6E0-9D2235DDA4E1}.1 = {4F5AA5F0-8669-4550-918E-4125346C4ECD}
		{10591BEF-8DD5-4FAD-B6E0-9D2235DDA4E1}.2 = {60E09451-60B1-4F7C-8E8D-7E56BEAAA50A}
		{B3E8799D-2CBB-4A63-BEC0-9915F31F7E55}.0 = {60E09451-60B1-4F7C-8E8D-7E56BEAAA50A}
		{B3E8799D-2CBB-4A63-BEC0-9915F31F7E55}.1 = {4F5AA5F0-8669-4550-918E-4125346C4ECD}
		{B3E8799D-2CBB-4A63-BEC0-9915F31F7E55}.2 = {A6A711A1-8C63-490C-9225-40621B52AC73}
		{7D4E32A5-4CEA-46E3-BF98-895A60111899}.0 = {A6A711A1-8C63-490C-9225-40621B52AC73}
		{1EA505CF-C14E-4810-A4D7-DE62DAFF5446}.0 = {A6A711A1-8C63-490C-9225-40621B52AC73}
		{1EA505CF-C14E-4810-A4D7-DE62DAFF5446}.1 = {4F5AA5F0-8669-4550-918E-4125346C4ECD}
		{1EA505CF-C14E-4810-A4D7-DE62DAFF5446}.2 = {60E09451-60B1-4F7C-8E8D-7E56BEAAA50A}
		{D167F61C-D04D-4CCE-8E0C-222E00EDC7D4}.0 = {60E09451-60B1-4F7C-8E8D-7E56BEAAA50A}
		{D167F61C-D04D-4CCE-8E0C-222E00EDC7D4}.1 = {1EA505CF-C14E-4810-A4D7-DE62DAFF5446}
		{D167F61C-D04D-4CCE-8E0C-222E00EDC7D4}.2 = {A6A711A1-8C63-490C-9225-40621B52AC73}
	EndGlobalSection
	GlobalSection(ProjectConfiguration) = postSolution
		{A6A711A1-8C63-490C-9225-40621B52AC73}.Debug.ActiveCfg = Debug|Win32
		{A6A711A1-8C63-490C-9225-40621B52AC73}.Debug.Build.0 = Debug|Win32
		{A6A711A1-8C63-490C-9225-40621B52AC73}.Release.ActiveCfg = Release|Win32
		{A6A711A1-8C63-490C-9225-40621B52AC73}.Release.Build.0 = Release|Win32
		{60E09451-60B1-4F7C-8E8D-7E56BEAAA50A}.Debug.ActiveCfg = Debug|Win32
		{60E09451-60B1-4F7C-8E8D-7E56BEAAA50A}.Debug.Build.0 = Debug|Win32
		{60E09451-60B1-4F7C-8E8D-7E56BEAAA50A}.Release.ActiveCfg = Release|Win32
		{60E09451-60B1-4F7C-8E8D-7E56BEAAA50A}.Release.Build.0 = Release|Win32
		{4F5AA5F0-8669-4550-918E-4125346C4ECD}.Debug.ActiveCfg = Debug|Win32
		{4F5AA5F0-8669-4550-918E-4125346C4ECD}.Debug.Build.0 = Debug|Win32
		{4F5AA5F0-8669-4550-918E-4125346C4ECD}.Release.ActiveCfg = Release|Win32
		{4F5AA5F0-8669-4550-918E-4125346C4ECD}.Release.Build.0 = Release|Win32
		{10591BEF-8DD5-4FAD-B6E0-9D2235DDA4E1}.Debug.ActiveCfg = Debug|Win32
		{10591BEF-8DD5-4FAD-B6E0-9D2235DDA4E1}.Debug.Build.0 = Debug|Win32
		{10591BEF-8DD5-4FAD-B6E0-9D2235DDA4E1}.Release.ActiveCfg = Release|Win32
		{10591BEF-8DD5-4FAD-B6E0-9D2235DDA4E1}.Release.Build.0 = Release|Win32
		{B3E8799D-2CBB-4A63-BEC0-9915F31F7E55}.Debug.ActiveCfg = Debug|Win32
		{B3E8799D-2CBB-4A63-BEC0-9915F31F7E55}.Debug.Build.0 = Debug|Win32
		{B3E8799D-2CBB-4A63-BEC0-9915F31F7E55}.Release.ActiveCfg = Release|Win32
		{B3E8799D-2CBB-4A63-BEC0-9915F31F7E55}.Release.Build.0 = Release|Win32
		{7D4E32A5-4CEA-46E3-BF98-895A60111899}.Debug.ActiveCfg = Debug|Win32
		{7D4E32A5-4CEA-46E3-BF98-895A60111899}.Debug.Build.0 = Debug|Win32
		{7D4E32A5-4CEA-46E3-BF98-895A60111899}.Release.ActiveCfg = Release|Win32
		{7D4E32A5-4CEA-46E3-BF98-895A60111899}.Release.Build.0 = Release|Win32
		{1EA505CF-C14E-4810-A4D7-DE62DAFF5446}.Debug.ActiveCfg = Debug|Win32
		{1EA505CF-C14E-4810-A4D7-DE62DAFF5446}.Debug.Build.0 = Debug|Win32
		{1EA505CF-C14E-4810-A4D7-DE62DAFF5446}.Release.ActiveCfg = Release|Win32
		{1EA505CF-C14E-4810-A4D7-DE62DAFF5446}.Release.Build.0 = Release|Win32
		{D167F61C-D04D-4CCE-8E0C-222E00EDC7D4}.Debug.ActiveCfg = Debug|Win32
		{D167F61C-D04D-4CCE-8E0C-222E00EDC7D4}.Debug.Build.0 = Debug|Win32
		{D167F61C-D04D-4CCE-8E0C-222E00EDC7D4}.Release.ActiveCfg = Release|Win32
		{D167F61C-D04D-4CCE-8E0C-222E00EDC7D4}.Release.Build.0 = Release|Win32
		{2DF45E11-D687-4B7E-B0A0-53C55CDB471E}.Debug.ActiveCfg = Debug|Win32
		{2DF45E11-D687-4B7E-B0A0-53C55CDB471E}.Debug.Build.0 = Debug|Win32
		{2DF45E11-D687-4B7E-B0A0-53C55CDB471E}.Release.ActiveCfg = Release|Win32
		{2DF45E11-D687-4B7E-B0A0-53C55CDB471E}.Release.Build.0 = Release|Win32
	EndGlobalSection
	GlobalSection(ExtensibilityGlobals) = postSolution
	EndGlobalSection
	GlobalSection(ExtensibilityAddIns) = postSolution
	EndGlobalSection
EndGlobal
